// !$*UTF8*$!
{
	archiveVersion = 1;
	classes = {
	};
	objectVersion = 46;
	objects = {

/* Begin PBXBuildFile section */
		A41862A71EB322B900030C79 /* IBLClient.m in Sources */ = {isa = PBXBuildFile; fileRef = A41862931EB322B900030C79 /* IBLClient.m */; };
		A41862A81EB322B900030C79 /* IBLServer.m in Sources */ = {isa = PBXBuildFile; fileRef = A41862961EB322B900030C79 /* IBLServer.m */; };
		A41862A91EB322B900030C79 /* IBLSocket.m in Sources */ = {isa = PBXBuildFile; fileRef = A41862991EB322B900030C79 /* IBLSocket.m */; };
		A41862AA1EB322B900030C79 /* IBLTcpSoket.m in Sources */ = {isa = PBXBuildFile; fileRef = A418629B1EB322B900030C79 /* IBLTcpSoket.m */; };
		A41862AB1EB322B900030C79 /* IBLUdpSocket.m in Sources */ = {isa = PBXBuildFile; fileRef = A418629D1EB322B900030C79 /* IBLUdpSocket.m */; };
		A41862AC1EB322B900030C79 /* IBLSocketAddr.m in Sources */ = {isa = PBXBuildFile; fileRef = A41862A01EB322B900030C79 /* IBLSocketAddr.m */; };
		A41862AD1EB322B900030C79 /* IBLSocketConnector.m in Sources */ = {isa = PBXBuildFile; fileRef = A41862A21EB322B900030C79 /* IBLSocketConnector.m */; };
		A41862AE1EB322B900030C79 /* IBLSocketUtil.m in Sources */ = {isa = PBXBuildFile; fileRef = A41862A61EB322B900030C79 /* IBLSocketUtil.m */; };
		A41862B21EB322C400030C79 /* ViewController.m in Sources */ = {isa = PBXBuildFile; fileRef = A41862B11EB322C400030C79 /* ViewController.m */; };
		A41862B81EB3244800030C79 /* IBLComm.m in Sources */ = {isa = PBXBuildFile; fileRef = A41862B71EB3244800030C79 /* IBLComm.m */; };
		A41862C51EB341A800030C79 /* ServerController.m in Sources */ = {isa = PBXBuildFile; fileRef = A41862C41EB341A800030C79 /* ServerController.m */; };
		A41862CB1EB341D500030C79 /* ClientController.m in Sources */ = {isa = PBXBuildFile; fileRef = A41862CA1EB341D500030C79 /* ClientController.m */; };
		A440D0011EBB60CB005E0726 /* IBLMessageDispatcher.m in Sources */ = {isa = PBXBuildFile; fileRef = A440D0001EBB60CB005E0726 /* IBLMessageDispatcher.m */; };
		A440D0041EBB77C0005E0726 /* IBLConnectorManager.m in Sources */ = {isa = PBXBuildFile; fileRef = A440D0031EBB77C0005E0726 /* IBLConnectorManager.m */; };
		A44D20341E9B27D100966E63 /* main.m in Sources */ = {isa = PBXBuildFile; fileRef = A44D20331E9B27D100966E63 /* main.m */; };
		A44D20371E9B27D100966E63 /* AppDelegate.m in Sources */ = {isa = PBXBuildFile; fileRef = A44D20361E9B27D100966E63 /* AppDelegate.m */; };
		A44D203D1E9B27D100966E63 /* Main.storyboard in Resources */ = {isa = PBXBuildFile; fileRef = A44D203B1E9B27D100966E63 /* Main.storyboard */; };
		A44D203F1E9B27D200966E63 /* Assets.xcassets in Resources */ = {isa = PBXBuildFile; fileRef = A44D203E1E9B27D200966E63 /* Assets.xcassets */; };
		A44D20421E9B27D200966E63 /* LaunchScreen.storyboard in Resources */ = {isa = PBXBuildFile; fileRef = A44D20401E9B27D200966E63 /* LaunchScreen.storyboard */; };
/* End PBXBuildFile section */

/* Begin PBXFileReference section */
		A41862921EB322B900030C79 /* IBLClient.h */ = {isa = PBXFileReference; fileEncoding = 4; lastKnownFileType = sourcecode.c.h; path = IBLClient.h; sourceTree = "<group>"; };
		A41862931EB322B900030C79 /* IBLClient.m */ = {isa = PBXFileReference; fileEncoding = 4; lastKnownFileType = sourcecode.c.objc; path = IBLClient.m; sourceTree = "<group>"; };
		A41862951EB322B900030C79 /* IBLServer.h */ = {isa = PBXFileReference; fileEncoding = 4; lastKnownFileType = sourcecode.c.h; path = IBLServer.h; sourceTree = "<group>"; };
		A41862961EB322B900030C79 /* IBLServer.m */ = {isa = PBXFileReference; fileEncoding = 4; lastKnownFileType = sourcecode.c.objc; path = IBLServer.m; sourceTree = "<group>"; };
		A41862981EB322B900030C79 /* IBLSocket.h */ = {isa = PBXFileReference; fileEncoding = 4; lastKnownFileType = sourcecode.c.h; path = IBLSocket.h; sourceTree = "<group>"; };
		A41862991EB322B900030C79 /* IBLSocket.m */ = {isa = PBXFileReference; fileEncoding = 4; lastKnownFileType = sourcecode.c.objc; path = IBLSocket.m; sourceTree = "<group>"; };
		A418629A1EB322B900030C79 /* IBLTcpSoket.h */ = {isa = PBXFileReference; fileEncoding = 4; lastKnownFileType = sourcecode.c.h; path = IBLTcpSoket.h; sourceTree = "<group>"; };
		A418629B1EB322B900030C79 /* IBLTcpSoket.m */ = {isa = PBXFileReference; fileEncoding = 4; lastKnownFileType = sourcecode.c.objc; path = IBLTcpSoket.m; sourceTree = "<group>"; };
		A418629C1EB322B900030C79 /* IBLUdpSocket.h */ = {isa = PBXFileReference; fileEncoding = 4; lastKnownFileType = sourcecode.c.h; path = IBLUdpSocket.h; sourceTree = "<group>"; };
		A418629D1EB322B900030C79 /* IBLUdpSocket.m */ = {isa = PBXFileReference; fileEncoding = 4; lastKnownFileType = sourcecode.c.objc; path = IBLUdpSocket.m; sourceTree = "<group>"; };
		A418629F1EB322B900030C79 /* IBLSocketAddr.h */ = {isa = PBXFileReference; fileEncoding = 4; lastKnownFileType = sourcecode.c.h; path = IBLSocketAddr.h; sourceTree = "<group>"; };
		A41862A01EB322B900030C79 /* IBLSocketAddr.m */ = {isa = PBXFileReference; fileEncoding = 4; lastKnownFileType = sourcecode.c.objc; path = IBLSocketAddr.m; sourceTree = "<group>"; };
		A41862A11EB322B900030C79 /* IBLSocketConnector.h */ = {isa = PBXFileReference; fileEncoding = 4; lastKnownFileType = sourcecode.c.h; path = IBLSocketConnector.h; sourceTree = "<group>"; };
		A41862A21EB322B900030C79 /* IBLSocketConnector.m */ = {isa = PBXFileReference; fileEncoding = 4; lastKnownFileType = sourcecode.c.objc; path = IBLSocketConnector.m; sourceTree = "<group>"; };
		A41862A41EB322B900030C79 /* IBLSocketDefine.h */ = {isa = PBXFileReference; fileEncoding = 4; lastKnownFileType = sourcecode.c.h; path = IBLSocketDefine.h; sourceTree = "<group>"; };
		A41862A51EB322B900030C79 /* IBLSocketUtil.h */ = {isa = PBXFileReference; fileEncoding = 4; lastKnownFileType = sourcecode.c.h; path = IBLSocketUtil.h; sourceTree = "<group>"; };
		A41862A61EB322B900030C79 /* IBLSocketUtil.m */ = {isa = PBXFileReference; fileEncoding = 4; lastKnownFileType = sourcecode.c.objc; path = IBLSocketUtil.m; sourceTree = "<group>"; };
		A41862B01EB322C400030C79 /* ViewController.h */ = {isa = PBXFileReference; fileEncoding = 4; lastKnownFileType = sourcecode.c.h; path = ViewController.h; sourceTree = "<group>"; };
		A41862B11EB322C400030C79 /* ViewController.m */ = {isa = PBXFileReference; fileEncoding = 4; lastKnownFileType = sourcecode.c.objc; path = ViewController.m; sourceTree = "<group>"; };
		A41862B41EB322F500030C79 /* IBLCommDefine.h */ = {isa = PBXFileReference; lastKnownFileType = sourcecode.c.h; path = IBLCommDefine.h; sourceTree = "<group>"; };
		A41862B51EB3237600030C79 /* Prefix.h */ = {isa = PBXFileReference; lastKnownFileType = sourcecode.c.h; path = Prefix.h; sourceTree = "<group>"; };
		A41862B61EB3244800030C79 /* IBLComm.h */ = {isa = PBXFileReference; fileEncoding = 4; lastKnownFileType = sourcecode.c.h; path = IBLComm.h; sourceTree = "<group>"; };
		A41862B71EB3244800030C79 /* IBLComm.m */ = {isa = PBXFileReference; fileEncoding = 4; lastKnownFileType = sourcecode.c.objc; path = IBLComm.m; sourceTree = "<group>"; };
		A41862C31EB341A800030C79 /* ServerController.h */ = {isa = PBXFileReference; fileEncoding = 4; lastKnownFileType = sourcecode.c.h; path = ServerController.h; sourceTree = "<group>"; };
		A41862C41EB341A800030C79 /* ServerController.m */ = {isa = PBXFileReference; fileEncoding = 4; lastKnownFileType = sourcecode.c.objc; path = ServerController.m; sourceTree = "<group>"; };
		A41862C91EB341D500030C79 /* ClientController.h */ = {isa = PBXFileReference; fileEncoding = 4; lastKnownFileType = sourcecode.c.h; path = ClientController.h; sourceTree = "<group>"; };
		A41862CA1EB341D500030C79 /* ClientController.m */ = {isa = PBXFileReference; fileEncoding = 4; lastKnownFileType = sourcecode.c.objc; path = ClientController.m; sourceTree = "<group>"; };
		A440CFFF1EBB60CB005E0726 /* IBLMessageDispatcher.h */ = {isa = PBXFileReference; fileEncoding = 4; lastKnownFileType = sourcecode.c.h; path = IBLMessageDispatcher.h; sourceTree = "<group>"; };
		A440D0001EBB60CB005E0726 /* IBLMessageDispatcher.m */ = {isa = PBXFileReference; fileEncoding = 4; lastKnownFileType = sourcecode.c.objc; path = IBLMessageDispatcher.m; sourceTree = "<group>"; };
		A440D0021EBB77C0005E0726 /* IBLConnectorManager.h */ = {isa = PBXFileReference; fileEncoding = 4; lastKnownFileType = sourcecode.c.h; path = IBLConnectorManager.h; sourceTree = "<group>"; };
		A440D0031EBB77C0005E0726 /* IBLConnectorManager.m */ = {isa = PBXFileReference; fileEncoding = 4; lastKnownFileType = sourcecode.c.objc; path = IBLConnectorManager.m; sourceTree = "<group>"; };
		A44D202F1E9B27D100966E63 /* IBLSocket.app */ = {isa = PBXFileReference; explicitFileType = wrapper.application; includeInIndex = 0; path = IBLSocket.app; sourceTree = BUILT_PRODUCTS_DIR; };
		A44D20331E9B27D100966E63 /* main.m */ = {isa = PBXFileReference; lastKnownFileType = sourcecode.c.objc; path = main.m; sourceTree = "<group>"; };
		A44D20351E9B27D100966E63 /* AppDelegate.h */ = {isa = PBXFileReference; lastKnownFileType = sourcecode.c.h; path = AppDelegate.h; sourceTree = "<group>"; };
		A44D20361E9B27D100966E63 /* AppDelegate.m */ = {isa = PBXFileReference; lastKnownFileType = sourcecode.c.objc; path = AppDelegate.m; sourceTree = "<group>"; };
		A44D203C1E9B27D100966E63 /* Base */ = {isa = PBXFileReference; lastKnownFileType = file.storyboard; name = Base; path = Base.lproj/Main.storyboard; sourceTree = "<group>"; };
		A44D203E1E9B27D200966E63 /* Assets.xcassets */ = {isa = PBXFileReference; lastKnownFileType = folder.assetcatalog; path = Assets.xcassets; sourceTree = "<group>"; };
		A44D20411E9B27D200966E63 /* Base */ = {isa = PBXFileReference; lastKnownFileType = file.storyboard; name = Base; path = Base.lproj/LaunchScreen.storyboard; sourceTree = "<group>"; };
		A44D20431E9B27D200966E63 /* Info.plist */ = {isa = PBXFileReference; lastKnownFileType = text.plist.xml; path = Info.plist; sourceTree = "<group>"; };
/* End PBXFileReference section */

/* Begin PBXFrameworksBuildPhase section */
		A44D202C1E9B27D100966E63 /* Frameworks */ = {
			isa = PBXFrameworksBuildPhase;
			buildActionMask = 2147483647;
			files = (
			);
			runOnlyForDeploymentPostprocessing = 0;
		};
/* End PBXFrameworksBuildPhase section */

/* Begin PBXGroup section */
		A418628F1EB322B900030C79 /* src */ = {
			isa = PBXGroup;
			children = (
				A41862901EB322B900030C79 /* comm */,
				A41862971EB322B900030C79 /* socket */,
			);
			path = src;
			sourceTree = "<group>";
		};
		A41862901EB322B900030C79 /* comm */ = {
			isa = PBXGroup;
			children = (
				A41862B31EB322E100030C79 /* include */,
				A41862911EB322B900030C79 /* client */,
				A41862941EB322B900030C79 /* server */,
			);
			path = comm;
			sourceTree = "<group>";
		};
		A41862911EB322B900030C79 /* client */ = {
			isa = PBXGroup;
			children = (
				A41862921EB322B900030C79 /* IBLClient.h */,
				A41862931EB322B900030C79 /* IBLClient.m */,
			);
			path = client;
			sourceTree = "<group>";
		};
		A41862941EB322B900030C79 /* server */ = {
			isa = PBXGroup;
			children = (
				A41862951EB322B900030C79 /* IBLServer.h */,
				A41862961EB322B900030C79 /* IBLServer.m */,
				A440CFFF1EBB60CB005E0726 /* IBLMessageDispatcher.h */,
				A440D0001EBB60CB005E0726 /* IBLMessageDispatcher.m */,
				A440D0021EBB77C0005E0726 /* IBLConnectorManager.h */,
				A440D0031EBB77C0005E0726 /* IBLConnectorManager.m */,
			);
			path = server;
			sourceTree = "<group>";
		};
		A41862971EB322B900030C79 /* socket */ = {
			isa = PBXGroup;
			children = (
				A41862981EB322B900030C79 /* IBLSocket.h */,
				A41862991EB322B900030C79 /* IBLSocket.m */,
				A418629A1EB322B900030C79 /* IBLTcpSoket.h */,
				A418629B1EB322B900030C79 /* IBLTcpSoket.m */,
				A418629C1EB322B900030C79 /* IBLUdpSocket.h */,
				A418629D1EB322B900030C79 /* IBLUdpSocket.m */,
				A418629E1EB322B900030C79 /* modle */,
				A41862A31EB322B900030C79 /* util */,
			);
			path = socket;
			sourceTree = "<group>";
		};
		A418629E1EB322B900030C79 /* modle */ = {
			isa = PBXGroup;
			children = (
				A418629F1EB322B900030C79 /* IBLSocketAddr.h */,
				A41862A01EB322B900030C79 /* IBLSocketAddr.m */,
				A41862A11EB322B900030C79 /* IBLSocketConnector.h */,
				A41862A21EB322B900030C79 /* IBLSocketConnector.m */,
			);
			path = modle;
			sourceTree = "<group>";
		};
		A41862A31EB322B900030C79 /* util */ = {
			isa = PBXGroup;
			children = (
				A41862A41EB322B900030C79 /* IBLSocketDefine.h */,
				A41862A51EB322B900030C79 /* IBLSocketUtil.h */,
				A41862A61EB322B900030C79 /* IBLSocketUtil.m */,
			);
			path = util;
			sourceTree = "<group>";
		};
		A41862AF1EB322C400030C79 /* UI */ = {
			isa = PBXGroup;
			children = (
				A41862C91EB341D500030C79 /* ClientController.h */,
				A41862CA1EB341D500030C79 /* ClientController.m */,
				A41862B01EB322C400030C79 /* ViewController.h */,
				A41862B11EB322C400030C79 /* ViewController.m */,
				A41862C31EB341A800030C79 /* ServerController.h */,
				A41862C41EB341A800030C79 /* ServerController.m */,
			);
			path = UI;
			sourceTree = "<group>";
		};
		A41862B31EB322E100030C79 /* include */ = {
			isa = PBXGroup;
			children = (
				A41862B41EB322F500030C79 /* IBLCommDefine.h */,
				A41862B61EB3244800030C79 /* IBLComm.h */,
				A41862B71EB3244800030C79 /* IBLComm.m */,
			);
			path = include;
			sourceTree = "<group>";
		};
		A44D20261E9B27D100966E63 = {
			isa = PBXGroup;
			children = (
				A44D20311E9B27D100966E63 /* IBLSocket */,
				A44D20301E9B27D100966E63 /* Products */,
			);
			sourceTree = "<group>";
		};
		A44D20301E9B27D100966E63 /* Products */ = {
			isa = PBXGroup;
			children = (
				A44D202F1E9B27D100966E63 /* IBLSocket.app */,
			);
			name = Products;
			sourceTree = "<group>";
		};
		A44D20311E9B27D100966E63 /* IBLSocket */ = {
			isa = PBXGroup;
			children = (
				A41862AF1EB322C400030C79 /* UI */,
				A418628F1EB322B900030C79 /* src */,
				A44D20491E9B27FD00966E63 /* include */,
				A44D20351E9B27D100966E63 /* AppDelegate.h */,
				A44D20361E9B27D100966E63 /* AppDelegate.m */,
				A44D203B1E9B27D100966E63 /* Main.storyboard */,
				A44D203E1E9B27D200966E63 /* Assets.xcassets */,
				A44D20401E9B27D200966E63 /* LaunchScreen.storyboard */,
				A44D20431E9B27D200966E63 /* Info.plist */,
				A44D20321E9B27D100966E63 /* Supporting Files */,
			);
			path = IBLSocket;
			sourceTree = "<group>";
		};
		A44D20321E9B27D100966E63 /* Supporting Files */ = {
			isa = PBXGroup;
			children = (
				A44D20331E9B27D100966E63 /* main.m */,
			);
			name = "Supporting Files";
			sourceTree = "<group>";
		};
		A44D20491E9B27FD00966E63 /* include */ = {
			isa = PBXGroup;
			children = (
				A41862B51EB3237600030C79 /* Prefix.h */,
			);
			path = include;
			sourceTree = "<group>";
		};
/* End PBXGroup section */

/* Begin PBXNativeTarget section */
		A44D202E1E9B27D100966E63 /* IBLSocket */ = {
			isa = PBXNativeTarget;
			buildConfigurationList = A44D20461E9B27D200966E63 /* Build configuration list for PBXNativeTarget "IBLSocket" */;
			buildPhases = (
				A44D202B1E9B27D100966E63 /* Sources */,
				A44D202C1E9B27D100966E63 /* Frameworks */,
				A44D202D1E9B27D100966E63 /* Resources */,
			);
			buildRules = (
			);
			dependencies = (
			);
			name = IBLSocket;
			productName = IBLSocket;
			productReference = A44D202F1E9B27D100966E63 /* IBLSocket.app */;
			productType = "com.apple.product-type.application";
		};
/* End PBXNativeTarget section */

/* Begin PBXProject section */
		A44D20271E9B27D100966E63 /* Project object */ = {
			isa = PBXProject;
			attributes = {
				LastUpgradeCheck = 0820;
				ORGANIZATIONNAME = Ahead;
				TargetAttributes = {
					A44D202E1E9B27D100966E63 = {
						CreatedOnToolsVersion = 8.2.1;
						DevelopmentTeam = 4SND9369ME;
						ProvisioningStyle = Manual;
					};
				};
			};
			buildConfigurationList = A44D202A1E9B27D100966E63 /* Build configuration list for PBXProject "IBLSocket" */;
			compatibilityVersion = "Xcode 3.2";
			developmentRegion = English;
			hasScannedForEncodings = 0;
			knownRegions = (
				en,
				Base,
			);
			mainGroup = A44D20261E9B27D100966E63;
			productRefGroup = A44D20301E9B27D100966E63 /* Products */;
			projectDirPath = "";
			projectRoot = "";
			targets = (
				A44D202E1E9B27D100966E63 /* IBLSocket */,
			);
		};
/* End PBXProject section */

/* Begin PBXResourcesBuildPhase section */
		A44D202D1E9B27D100966E63 /* Resources */ = {
			isa = PBXResourcesBuildPhase;
			buildActionMask = 2147483647;
			files = (
				A44D20421E9B27D200966E63 /* LaunchScreen.storyboard in Resources */,
				A44D203F1E9B27D200966E63 /* Assets.xcassets in Resources */,
				A44D203D1E9B27D100966E63 /* Main.storyboard in Resources */,
			);
			runOnlyForDeploymentPostprocessing = 0;
		};
/* End PBXResourcesBuildPhase section */

/* Begin PBXSourcesBuildPhase section */
		A44D202B1E9B27D100966E63 /* Sources */ = {
			isa = PBXSourcesBuildPhase;
			buildActionMask = 2147483647;
			files = (
				A41862A71EB322B900030C79 /* IBLClient.m in Sources */,
				A41862AC1EB322B900030C79 /* IBLSocketAddr.m in Sources */,
				A41862AB1EB322B900030C79 /* IBLUdpSocket.m in Sources */,
				A41862AD1EB322B900030C79 /* IBLSocketConnector.m in Sources */,
				A41862AE1EB322B900030C79 /* IBLSocketUtil.m in Sources */,
				A41862B21EB322C400030C79 /* ViewController.m in Sources */,
				A44D20371E9B27D100966E63 /* AppDelegate.m in Sources */,
				A440D0011EBB60CB005E0726 /* IBLMessageDispatcher.m in Sources */,
				A41862B81EB3244800030C79 /* IBLComm.m in Sources */,
				A41862A81EB322B900030C79 /* IBLServer.m in Sources */,
				A41862A91EB322B900030C79 /* IBLSocket.m in Sources */,
				A41862AA1EB322B900030C79 /* IBLTcpSoket.m in Sources */,
				A41862C51EB341A800030C79 /* ServerController.m in Sources */,
				A440D0041EBB77C0005E0726 /* IBLConnectorManager.m in Sources */,
				A41862CB1EB341D500030C79 /* ClientController.m in Sources */,
				A44D20341E9B27D100966E63 /* main.m in Sources */,
			);
			runOnlyForDeploymentPostprocessing = 0;
		};
/* End PBXSourcesBuildPhase section */

/* Begin PBXVariantGroup section */
		A44D203B1E9B27D100966E63 /* Main.storyboard */ = {
			isa = PBXVariantGroup;
			children = (
				A44D203C1E9B27D100966E63 /* Base */,
			);
			name = Main.storyboard;
			sourceTree = "<group>";
		};
		A44D20401E9B27D200966E63 /* LaunchScreen.storyboard */ = {
			isa = PBXVariantGroup;
			children = (
				A44D20411E9B27D200966E63 /* Base */,
			);
			name = LaunchScreen.storyboard;
			sourceTree = "<group>";
		};
/* End PBXVariantGroup section */

/* Begin XCBuildConfiguration section */
		A44D20441E9B27D200966E63 /* Debug */ = {
			isa = XCBuildConfiguration;
			buildSettings = {
				ALWAYS_SEARCH_USER_PATHS = NO;
				CLANG_ANALYZER_NONNULL = YES;
				CLANG_CXX_LANGUAGE_STANDARD = "gnu++0x";
				CLANG_CXX_LIBRARY = "libc++";
				CLANG_ENABLE_MODULES = YES;
				CLANG_ENABLE_OBJC_ARC = YES;
				CLANG_WARN_BOOL_CONVERSION = YES;
				CLANG_WARN_CONSTANT_CONVERSION = YES;
				CLANG_WARN_DIRECT_OBJC_ISA_USAGE = YES_ERROR;
				CLANG_WARN_DOCUMENTATION_COMMENTS = YES;
				CLANG_WARN_EMPTY_BODY = YES;
				CLANG_WARN_ENUM_CONVERSION = YES;
				CLANG_WARN_INFINITE_RECURSION = YES;
				CLANG_WARN_INT_CONVERSION = YES;
				CLANG_WARN_OBJC_ROOT_CLASS = YES_ERROR;
				CLANG_WARN_SUSPICIOUS_MOVE = YES;
				CLANG_WARN_UNREACHABLE_CODE = YES;
				CLANG_WARN__DUPLICATE_METHOD_MATCH = YES;
				"CODE_SIGN_IDENTITY[sdk=iphoneos*]" = "iPhone Developer";
				COPY_PHASE_STRIP = NO;
				DEBUG_INFORMATION_FORMAT = dwarf;
				ENABLE_STRICT_OBJC_MSGSEND = YES;
				ENABLE_TESTABILITY = YES;
				GCC_C_LANGUAGE_STANDARD = gnu99;
				GCC_DYNAMIC_NO_PIC = NO;
				GCC_NO_COMMON_BLOCKS = YES;
				GCC_OPTIMIZATION_LEVEL = 0;
				GCC_PREPROCESSOR_DEFINITIONS = (
					"DEBUG=1",
					"$(inherited)",
				);
				GCC_WARN_64_TO_32_BIT_CONVERSION = YES;
				GCC_WARN_ABOUT_RETURN_TYPE = YES_ERROR;
				GCC_WARN_UNDECLARED_SELECTOR = YES;
				GCC_WARN_UNINITIALIZED_AUTOS = YES_AGGRESSIVE;
				GCC_WARN_UNUSED_FUNCTION = YES;
				GCC_WARN_UNUSED_VARIABLE = YES;
				IPHONEOS_DEPLOYMENT_TARGET = 10.2;
				MTL_ENABLE_DEBUG_INFO = YES;
				ONLY_ACTIVE_ARCH = YES;
				SDKROOT = iphoneos;
				TARGETED_DEVICE_FAMILY = "1,2";
			};
			name = Debug;
		};
		A44D20451E9B27D200966E63 /* Release */ = {
			isa = XCBuildConfiguration;
			buildSettings = {
				ALWAYS_SEARCH_USER_PATHS = NO;
				CLANG_ANALYZER_NONNULL = YES;
				CLANG_CXX_LANGUAGE_STANDARD = "gnu++0x";
				CLANG_CXX_LIBRARY = "libc++";
				CLANG_ENABLE_MODULES = YES;
				CLANG_ENABLE_OBJC_ARC = YES;
				CLANG_WARN_BOOL_CONVERSION = YES;
				CLANG_WARN_CONSTANT_CONVERSION = YES;
				CLANG_WARN_DIRECT_OBJC_ISA_USAGE = YES_ERROR;
				CLANG_WARN_DOCUMENTATION_COMMENTS = YES;
				CLANG_WARN_EMPTY_BODY = YES;
				CLANG_WARN_ENUM_CONVERSION = YES;
				CLANG_WARN_INFINITE_RECURSION = YES;
				CLANG_WARN_INT_CONVERSION = YES;
				CLANG_WARN_OBJC_ROOT_CLASS = YES_ERROR;
				CLANG_WARN_SUSPICIOUS_MOVE = YES;
				CLANG_WARN_UNREACHABLE_CODE = YES;
				CLANG_WARN__DUPLICATE_METHOD_MATCH = YES;
				"CODE_SIGN_IDENTITY[sdk=iphoneos*]" = "iPhone Developer";
				COPY_PHASE_STRIP = NO;
				DEBUG_INFORMATION_FORMAT = "dwarf-with-dsym";
				ENABLE_NS_ASSERTIONS = NO;
				ENABLE_STRICT_OBJC_MSGSEND = YES;
				GCC_C_LANGUAGE_STANDARD = gnu99;
				GCC_NO_COMMON_BLOCKS = YES;
				GCC_WARN_64_TO_32_BIT_CONVERSION = YES;
				GCC_WARN_ABOUT_RETURN_TYPE = YES_ERROR;
				GCC_WARN_UNDECLARED_SELECTOR = YES;
				GCC_WARN_UNINITIALIZED_AUTOS = YES_AGGRESSIVE;
				GCC_WARN_UNUSED_FUNCTION = YES;
				GCC_WARN_UNUSED_VARIABLE = YES;
				IPHONEOS_DEPLOYMENT_TARGET = 10.2;
				MTL_ENABLE_DEBUG_INFO = NO;
				SDKROOT = iphoneos;
				TARGETED_DEVICE_FAMILY = "1,2";
				VALIDATE_PRODUCT = YES;
			};
			name = Release;
		};
		A44D20471E9B27D200966E63 /* Debug */ = {
			isa = XCBuildConfiguration;
			buildSettings = {
				ASSETCATALOG_COMPILER_APPICON_NAME = AppIcon;
				"CODE_SIGN_IDENTITY[sdk=iphoneos*]" = "iPhone Developer";
				DEVELOPMENT_TEAM = 4SND9369ME;
				GCC_PRECOMPILE_PREFIX_HEADER = YES;
				GCC_PREFIX_HEADER = "$(SRCROOT)/IBLSocket/include/Prefix.h";
				INFOPLIST_FILE = IBLSocket/Info.plist;
				LD_RUNPATH_SEARCH_PATHS = "$(inherited) @executable_path/Frameworks";
				PRODUCT_BUNDLE_IDENTIFIER = com.ibellar.develop.socket;
				PRODUCT_NAME = "$(TARGET_NAME)";
				PROVISIONING_PROFILE = "99a8252f-5848-4938-bdb3-a55e16c2d2e3";
				PROVISIONING_PROFILE_SPECIFIER = AllBellarPP;
			};
			name = Debug;
		};
		A44D20481E9B27D200966E63 /* Release */ = {
			isa = XCBuildConfiguration;
			buildSettings = {
				ASSETCATALOG_COMPILER_APPICON_NAME = AppIcon;
				DEVELOPMENT_TEAM = "";
				GCC_PRECOMPILE_PREFIX_HEADER = YES;
				GCC_PREFIX_HEADER = "$(SRCROOT)/IBLSocket/include/Prefix.h";
				INFOPLIST_FILE = IBLSocket/Info.plist;
				LD_RUNPATH_SEARCH_PATHS = "$(inherited) @executable_path/Frameworks";
				PRODUCT_BUNDLE_IDENTIFIER = com.ibellar.develop.socket;
				PRODUCT_NAME = "$(TARGET_NAME)";
			};
			name = Release;
		};
/* End XCBuildConfiguration section */

/* Begin XCConfigurationList section */
		A44D202A1E9B27D100966E63 /* Build configuration list for PBXProject "IBLSocket" */ = {
			isa = XCConfigurationList;
			buildConfigurations = (
				A44D20441E9B27D200966E63 /* Debug */,
				A44D20451E9B27D200966E63 /* Release */,
			);
			defaultConfigurationIsVisible = 0;
			defaultConfigurationName = Release;
		};
		A44D20461E9B27D200966E63 /* Build configuration list for PBXNativeTarget "IBLSocket" */ = {
			isa = XCConfigurationList;
			buildConfigurations = (
				A44D20471E9B27D200966E63 /* Debug */,
				A44D20481E9B27D200966E63 /* Release */,
			);
			defaultConfigurationIsVisible = 0;
			defaultConfigurationName = Release;
		};
/* End XCConfigurationList section */
	};
	rootObject = A44D20271E9B27D100966E63 /* Project object */;
}
